// !$*UTF8*$!
{
	archiveVersion = 1;
	classes = {
	};
	objectVersion = 56;
	objects = {

/* Begin PBXBuildFile section */
		4D1F87172A027ABA007CE945 /* ChallengeDay_4App.swift in Sources */ = {isa = PBXBuildFile; fileRef = 4D1F87162A027ABA007CE945 /* ChallengeDay_4App.swift */; };
		4D1F87192A027ABA007CE945 /* ContentView.swift in Sources */ = {isa = PBXBuildFile; fileRef = 4D1F87182A027ABA007CE945 /* ContentView.swift */; };
		4D1F871B2A027ABC007CE945 /* Assets.xcassets in Resources */ = {isa = PBXBuildFile; fileRef = 4D1F871A2A027ABC007CE945 /* Assets.xcassets */; };
		4D1F871E2A027ABC007CE945 /* Preview Assets.xcassets in Resources */ = {isa = PBXBuildFile; fileRef = 4D1F871D2A027ABC007CE945 /* Preview Assets.xcassets */; };
		4D1F87252A028125007CE945 /* Color-Theme.swift in Sources */ = {isa = PBXBuildFile; fileRef = 4D1F87242A028125007CE945 /* Color-Theme.swift */; };
		4D1F87272A028255007CE945 /* ActivityItem.swift in Sources */ = {isa = PBXBuildFile; fileRef = 4D1F87262A028255007CE945 /* ActivityItem.swift */; };
		4D1F872B2A02872D007CE945 /* Activities.swift in Sources */ = {isa = PBXBuildFile; fileRef = 4D1F872A2A02872D007CE945 /* Activities.swift */; };
		4D1F872D2A0288F0007CE945 /* AddActivityView.swift in Sources */ = {isa = PBXBuildFile; fileRef = 4D1F872C2A0288F0007CE945 /* AddActivityView.swift */; };
		4D1F872F2A02E1A1007CE945 /* ActivityView.swift in Sources */ = {isa = PBXBuildFile; fileRef = 4D1F872E2A02E1A1007CE945 /* ActivityView.swift */; };
		4D3A520D2A17B9F70014E908 /* RatingView.swift in Sources */ = {isa = PBXBuildFile; fileRef = 4D3A520C2A17B9F70014E908 /* RatingView.swift */; };
/* End PBXBuildFile section */

/* Begin PBXFileReference section */
		4D1F87132A027AB9007CE945 /* ChallengeDay_4.app */ = {isa = PBXFileReference; explicitFileType = wrapper.application; includeInIndex = 0; path = ChallengeDay_4.app; sourceTree = BUILT_PRODUCTS_DIR; };
		4D1F87162A027ABA007CE945 /* ChallengeDay_4App.swift */ = {isa = PBXFileReference; lastKnownFileType = sourcecode.swift; path = ChallengeDay_4App.swift; sourceTree = "<group>"; };
		4D1F87182A027ABA007CE945 /* ContentView.swift */ = {isa = PBXFileReference; lastKnownFileType = sourcecode.swift; path = ContentView.swift; sourceTree = "<group>"; };
		4D1F871A2A027ABC007CE945 /* Assets.xcassets */ = {isa = PBXFileReference; lastKnownFileType = folder.assetcatalog; path = Assets.xcassets; sourceTree = "<group>"; };
		4D1F871D2A027ABC007CE945 /* Preview Assets.xcassets */ = {isa = PBXFileReference; lastKnownFileType = folder.assetcatalog; path = "Preview Assets.xcassets"; sourceTree = "<group>"; };
		4D1F87242A028125007CE945 /* Color-Theme.swift */ = {isa = PBXFileReference; lastKnownFileType = sourcecode.swift; path = "Color-Theme.swift"; sourceTree = "<group>"; };
		4D1F87262A028255007CE945 /* ActivityItem.swift */ = {isa = PBXFileReference; lastKnownFileType = sourcecode.swift; path = ActivityItem.swift; sourceTree = "<group>"; };
		4D1F872A2A02872D007CE945 /* Activities.swift */ = {isa = PBXFileReference; lastKnownFileType = sourcecode.swift; path = Activities.swift; sourceTree = "<group>"; };
		4D1F872C2A0288F0007CE945 /* AddActivityView.swift */ = {isa = PBXFileReference; lastKnownFileType = sourcecode.swift; path = AddActivityView.swift; sourceTree = "<group>"; };
		4D1F872E2A02E1A1007CE945 /* ActivityView.swift */ = {isa = PBXFileReference; lastKnownFileType = sourcecode.swift; path = ActivityView.swift; sourceTree = "<group>"; };
		4D3A520C2A17B9F70014E908 /* RatingView.swift */ = {isa = PBXFileReference; lastKnownFileType = sourcecode.swift; path = RatingView.swift; sourceTree = "<group>"; };
/* End PBXFileReference section */

/* Begin PBXFrameworksBuildPhase section */
		4D1F87102A027AB9007CE945 /* Frameworks */ = {
			isa = PBXFrameworksBuildPhase;
			buildActionMask = 2147483647;
			files = (
			);
			runOnlyForDeploymentPostprocessing = 0;
		};
/* End PBXFrameworksBuildPhase section */

/* Begin PBXGroup section */
		4D1F870A2A027AB9007CE945 = {
			isa = PBXGroup;
			children = (
				4D1F87152A027ABA007CE945 /* ChallengeDay_4 */,
				4D1F87142A027AB9007CE945 /* Products */,
			);
			sourceTree = "<group>";
		};
		4D1F87142A027AB9007CE945 /* Products */ = {
			isa = PBXGroup;
			children = (
				4D1F87132A027AB9007CE945 /* ChallengeDay_4.app */,
			);
			name = Products;
			sourceTree = "<group>";
		};
		4D1F87152A027ABA007CE945 /* ChallengeDay_4 */ = {
			isa = PBXGroup;
			children = (
				4D1F87162A027ABA007CE945 /* ChallengeDay_4App.swift */,
				4D1F87182A027ABA007CE945 /* ContentView.swift */,
				4D1F872E2A02E1A1007CE945 /* ActivityView.swift */,
				4D3A520C2A17B9F70014E908 /* RatingView.swift */,
				4D1F87262A028255007CE945 /* ActivityItem.swift */,
				4D1F872A2A02872D007CE945 /* Activities.swift */,
				4D1F872C2A0288F0007CE945 /* AddActivityView.swift */,
				4D1F87242A028125007CE945 /* Color-Theme.swift */,
				4D1F871A2A027ABC007CE945 /* Assets.xcassets */,
				4D1F871C2A027ABC007CE945 /* Preview Content */,
			);
			path = ChallengeDay_4;
			sourceTree = "<group>";
		};
		4D1F871C2A027ABC007CE945 /* Preview Content */ = {
			isa = PBXGroup;
			children = (
				4D1F871D2A027ABC007CE945 /* Preview Assets.xcassets */,
			);
			path = "Preview Content";
			sourceTree = "<group>";
		};
/* End PBXGroup section */

/* Begin PBXNativeTarget section */
		4D1F87122A027AB9007CE945 /* ChallengeDay_4 */ = {
			isa = PBXNativeTarget;
			buildConfigurationList = 4D1F87212A027ABC007CE945 /* Build configuration list for PBXNativeTarget "ChallengeDay_4" */;
			buildPhases = (
				4D1F870F2A027AB9007CE945 /* Sources */,
				4D1F87102A027AB9007CE945 /* Frameworks */,
				4D1F87112A027AB9007CE945 /* Resources */,
			);
			buildRules = (
			);
			dependencies = (
			);
			name = ChallengeDay_4;
			productName = ChallengeDay_4;
			productReference = 4D1F87132A027AB9007CE945 /* ChallengeDay_4.app */;
			productType = "com.apple.product-type.application";
		};
/* End PBXNativeTarget section */

/* Begin PBXProject section */
		4D1F870B2A027AB9007CE945 /* Project object */ = {
			isa = PBXProject;
			attributes = {
				BuildIndependentTargetsInParallel = 1;
				LastSwiftUpdateCheck = 1430;
				LastUpgradeCheck = 1430;
				TargetAttributes = {
					4D1F87122A027AB9007CE945 = {
						CreatedOnToolsVersion = 14.3;
					};
				};
			};
			buildConfigurationList = 4D1F870E2A027AB9007CE945 /* Build configuration list for PBXProject "ChallengeDay_4" */;
			compatibilityVersion = "Xcode 14.0";
			developmentRegion = en;
			hasScannedForEncodings = 0;
			knownRegions = (
				en,
				Base,
			);
			mainGroup = 4D1F870A2A027AB9007CE945;
			productRefGroup = 4D1F87142A027AB9007CE945 /* Products */;
			projectDirPath = "";
			projectRoot = "";
			targets = (
				4D1F87122A027AB9007CE945 /* ChallengeDay_4 */,
			);
		};
/* End PBXProject section */

/* Begin PBXResourcesBuildPhase section */
		4D1F87112A027AB9007CE945 /* Resources */ = {
			isa = PBXResourcesBuildPhase;
			buildActionMask = 2147483647;
			files = (
				4D1F871E2A027ABC007CE945 /* Preview Assets.xcassets in Resources */,
				4D1F871B2A027ABC007CE945 /* Assets.xcassets in Resources */,
			);
			runOnlyForDeploymentPostprocessing = 0;
		};
/* End PBXResourcesBuildPhase section */

/* Begin PBXSourcesBuildPhase section */
		4D1F870F2A027AB9007CE945 /* Sources */ = {
			isa = PBXSourcesBuildPhase;
			buildActionMask = 2147483647;
			files = (
				4D1F87192A027ABA007CE945 /* ContentView.swift in Sources */,
				4D1F87272A028255007CE945 /* ActivityItem.swift in Sources */,
				4D1F87252A028125007CE945 /* Color-Theme.swift in Sources */,
				4D3A520D2A17B9F70014E908 /* RatingView.swift in Sources */,
				4D1F872D2A0288F0007CE945 /* AddActivityView.swift in Sources */,
				4D1F872F2A02E1A1007CE945 /* ActivityView.swift in Sources */,
				4D1F872B2A02872D007CE945 /* Activities.swift in Sources */,
				4D1F87172A027ABA007CE945 /* ChallengeDay_4App.swift in Sources */,
			);
			runOnlyForDeploymentPostprocessing = 0;
		};
/* End PBXSourcesBuildPhase section */

/* Begin XCBuildConfiguration section */
		4D1F871F2A027ABC007CE945 /* Debug */ = {
			isa = XCBuildConfiguration;
			buildSettings = {
				ALWAYS_SEARCH_USER_PATHS = NO;
				CLANG_ANALYZER_NONNULL = YES;
				CLANG_ANALYZER_NUMBER_OBJECT_CONVERSION = YES_AGGRESSIVE;
				CLANG_CXX_LANGUAGE_STANDARD = "gnu++20";
				CLANG_ENABLE_MODULES = YES;
				CLANG_ENABLE_OBJC_ARC = YES;
				CLANG_ENABLE_OBJC_WEAK = YES;
				CLANG_WARN_BLOCK_CAPTURE_AUTORELEASING = YES;
				CLANG_WARN_BOOL_CONVERSION = YES;
				CLANG_WARN_COMMA = YES;
				CLANG_WARN_CONSTANT_CONVERSION = YES;
				CLANG_WARN_DEPRECATED_OBJC_IMPLEMENTATIONS = YES;
				CLANG_WARN_DIRECT_OBJC_ISA_USAGE = YES_ERROR;
				CLANG_WARN_DOCUMENTATION_COMMENTS = YES;
				CLANG_WARN_EMPTY_BODY = YES;
				CLANG_WARN_ENUM_CONVERSION = YES;
				CLANG_WARN_INFINITE_RECURSION = YES;
				CLANG_WARN_INT_CONVERSION = YES;
				CLANG_WARN_NON_LITERAL_NULL_CONVERSION = YES;
				CLANG_WARN_OBJC_IMPLICIT_RETAIN_SELF = YES;
				CLANG_WARN_OBJC_LITERAL_CONVERSION = YES;
				CLANG_WARN_OBJC_ROOT_CLASS = YES_ERROR;
				CLANG_WARN_QUOTED_INCLUDE_IN_FRAMEWORK_HEADER = YES;
				CLANG_WARN_RANGE_LOOP_ANALYSIS = YES;
				CLANG_WARN_STRICT_PROTOTYPES = YES;
				CLANG_WARN_SUSPICIOUS_MOVE = YES;
				CLANG_WARN_UNGUARDED_AVAILABILITY = YES_AGGRESSIVE;
				CLANG_WARN_UNREACHABLE_CODE = YES;
				CLANG_WARN__DUPLICATE_METHOD_MATCH = YES;
				COPY_PHASE_STRIP = NO;
				DEBUG_INFORMATION_FORMAT = dwarf;
				ENABLE_STRICT_OBJC_MSGSEND = YES;
				ENABLE_TESTABILITY = YES;
				GCC_C_LANGUAGE_STANDARD = gnu11;
				GCC_DYNAMIC_NO_PIC = NO;
				GCC_NO_COMMON_BLOCKS = YES;
				GCC_OPTIMIZATION_LEVEL = 0;
				GCC_PREPROCESSOR_DEFINITIONS = (
					"DEBUG=1",
					"$(inherited)",
				);
				GCC_WARN_64_TO_32_BIT_CONVERSION = YES;
				GCC_WARN_ABOUT_RETURN_TYPE = YES_ERROR;
				GCC_WARN_UNDECLARED_SELECTOR = YES;
				GCC_WARN_UNINITIALIZED_AUTOS = YES_AGGRESSIVE;
				GCC_WARN_UNUSED_FUNCTION = YES;
				GCC_WARN_UNUSED_VARIABLE = YES;
				IPHONEOS_DEPLOYMENT_TARGET = 16.4;
				MTL_ENABLE_DEBUG_INFO = INCLUDE_SOURCE;
				MTL_FAST_MATH = YES;
				ONLY_ACTIVE_ARCH = YES;
				SDKROOT = iphoneos;
				SWIFT_ACTIVE_COMPILATION_CONDITIONS = DEBUG;
				SWIFT_OPTIMIZATION_LEVEL = "-Onone";
			};
			name = Debug;
		};
		4D1F87202A027ABC007CE945 /* Release */ = {
			isa = XCBuildConfiguration;
			buildSettings = {
				ALWAYS_SEARCH_USER_PATHS = NO;
				CLANG_ANALYZER_NONNULL = YES;
				CLANG_ANALYZER_NUMBER_OBJECT_CONVERSION = YES_AGGRESSIVE;
				CLANG_CXX_LANGUAGE_STANDARD = "gnu++20";
				CLANG_ENABLE_MODULES = YES;
				CLANG_ENABLE_OBJC_ARC = YES;
				CLANG_ENABLE_OBJC_WEAK = YES;
				CLANG_WARN_BLOCK_CAPTURE_AUTORELEASING = YES;
				CLANG_WARN_BOOL_CONVERSION = YES;
				CLANG_WARN_COMMA = YES;
				CLANG_WARN_CONSTANT_CONVERSION = YES;
				CLANG_WARN_DEPRECATED_OBJC_IMPLEMENTATIONS = YES;
				CLANG_WARN_DIRECT_OBJC_ISA_USAGE = YES_ERROR;
				CLANG_WARN_DOCUMENTATION_COMMENTS = YES;
				CLANG_WARN_EMPTY_BODY = YES;
				CLANG_WARN_ENUM_CONVERSION = YES;
				CLANG_WARN_INFINITE_RECURSION = YES;
				CLANG_WARN_INT_CONVERSION = YES;
				CLANG_WARN_NON_LITERAL_NULL_CONVERSION = YES;
				CLANG_WARN_OBJC_IMPLICIT_RETAIN_SELF = YES;
				CLANG_WARN_OBJC_LITERAL_CONVERSION = YES;
				CLANG_WARN_OBJC_ROOT_CLASS = YES_ERROR;
				CLANG_WARN_QUOTED_INCLUDE_IN_FRAMEWORK_HEADER = YES;
				CLANG_WARN_RANGE_LOOP_ANALYSIS = YES;
				CLANG_WARN_STRICT_PROTOTYPES = YES;
				CLANG_WARN_SUSPICIOUS_MOVE = YES;
				CLANG_WARN_UNGUARDED_AVAILABILITY = YES_AGGRESSIVE;
				CLANG_WARN_UNREACHABLE_CODE = YES;
				CLANG_WARN__DUPLICATE_METHOD_MATCH = YES;
				COPY_PHASE_STRIP = NO;
				DEBUG_INFORMATION_FORMAT = "dwarf-with-dsym";
				ENABLE_NS_ASSERTIONS = NO;
				ENABLE_STRICT_OBJC_MSGSEND = YES;
				GCC_C_LANGUAGE_STANDARD = gnu11;
				GCC_NO_COMMON_BLOCKS = YES;
				GCC_WARN_64_TO_32_BIT_CONVERSION = YES;
				GCC_WARN_ABOUT_RETURN_TYPE = YES_ERROR;
				GCC_WARN_UNDECLARED_SELECTOR = YES;
				GCC_WARN_UNINITIALIZED_AUTOS = YES_AGGRESSIVE;
				GCC_WARN_UNUSED_FUNCTION = YES;
				GCC_WARN_UNUSED_VARIABLE = YES;
				IPHONEOS_DEPLOYMENT_TARGET = 16.4;
				MTL_ENABLE_DEBUG_INFO = NO;
				MTL_FAST_MATH = YES;
				SDKROOT = iphoneos;
				SWIFT_COMPILATION_MODE = wholemodule;
				SWIFT_OPTIMIZATION_LEVEL = "-O";
				VALIDATE_PRODUCT = YES;
			};
			name = Release;
		};
		4D1F87222A027ABC007CE945 /* Debug */ = {
			isa = XCBuildConfiguration;
			buildSettings = {
				ASSETCATALOG_COMPILER_APPICON_NAME = AppIcon;
				ASSETCATALOG_COMPILER_GLOBAL_ACCENT_COLOR_NAME = AccentColor;
				CODE_SIGN_STYLE = Automatic;
				CURRENT_PROJECT_VERSION = 1;
				DEVELOPMENT_ASSET_PATHS = "\"ChallengeDay_4/Preview Content\"";
				DEVELOPMENT_TEAM = X8TQRRHQT7;
				ENABLE_PREVIEWS = YES;
				GENERATE_INFOPLIST_FILE = YES;
				INFOPLIST_KEY_UIApplicationSceneManifest_Generation = YES;
				INFOPLIST_KEY_UIApplicationSupportsIndirectInputEvents = YES;
				INFOPLIST_KEY_UILaunchScreen_Generation = YES;
				INFOPLIST_KEY_UISupportedInterfaceOrientations_iPad = "UIInterfaceOrientationPortrait UIInterfaceOrientationPortraitUpsideDown UIInterfaceOrientationLandscapeLeft UIInterfaceOrientationLandscapeRight";
				INFOPLIST_KEY_UISupportedInterfaceOrientations_iPhone = "UIInterfaceOrientationPortrait UIInterfaceOrientationLandscapeLeft UIInterfaceOrientationLandscapeRight";
				LD_RUNPATH_SEARCH_PATHS = (
					"$(inherited)",
					"@executable_path/Frameworks",
				);
				MARKETING_VERSION = 1.0;
				PRODUCT_BUNDLE_IDENTIFIER = "MR.ChallengeDay-4";
				PRODUCT_NAME = "$(TARGET_NAME)";
				SWIFT_EMIT_LOC_STRINGS = YES;
				SWIFT_VERSION = 5.0;
				TARGETED_DEVICE_FAMILY = "1,2";
			};
			name = Debug;
		};
		4D1F87232A027ABC007CE945 /* Release */ = {
			isa = XCBuildConfiguration;
			buildSettings = {
				ASSETCATALOG_COMPILER_APPICON_NAME = AppIcon;
				ASSETCATALOG_COMPILER_GLOBAL_ACCENT_COLOR_NAME = AccentColor;
				CODE_SIGN_STYLE = Automatic;
				CURRENT_PROJECT_VERSION = 1;
				DEVELOPMENT_ASSET_PATHS = "\"ChallengeDay_4/Preview Content\"";
				DEVELOPMENT_TEAM = X8TQRRHQT7;
				ENABLE_PREVIEWS = YES;
				GENERATE_INFOPLIST_FILE = YES;
				INFOPLIST_KEY_UIApplicationSceneManifest_Generation = YES;
				INFOPLIST_KEY_UIApplicationSupportsIndirectInputEvents = YES;
				INFOPLIST_KEY_UILaunchScreen_Generation = YES;
				INFOPLIST_KEY_UISupportedInterfaceOrientations_iPad = "UIInterfaceOrientationPortrait UIInterfaceOrientationPortraitUpsideDown UIInterfaceOrientationLandscapeLeft UIInterfaceOrientationLandscapeRight";
				INFOPLIST_KEY_UISupportedInterfaceOrientations_iPhone = "UIInterfaceOrientationPortrait UIInterfaceOrientationLandscapeLeft UIInterfaceOrientationLandscapeRight";
				LD_RUNPATH_SEARCH_PATHS = (
					"$(inherited)",
					"@executable_path/Frameworks",
				);
				MARKETING_VERSION = 1.0;
				PRODUCT_BUNDLE_IDENTIFIER = "MR.ChallengeDay-4";
				PRODUCT_NAME = "$(TARGET_NAME)";
				SWIFT_EMIT_LOC_STRINGS = YES;
				SWIFT_VERSION = 5.0;
				TARGETED_DEVICE_FAMILY = "1,2";
			};
			name = Release;
		};
/* End XCBuildConfiguration section */

/* Begin XCConfigurationList section */
		4D1F870E2A027AB9007CE945 /* Build configuration list for PBXProject "ChallengeDay_4" */ = {
			isa = XCConfigurationList;
			buildConfigurations = (
				4D1F871F2A027ABC007CE945 /* Debug */,
				4D1F87202A027ABC007CE945 /* Release */,
			);
			defaultConfigurationIsVisible = 0;
			defaultConfigurationName = Release;
		};
		4D1F87212A027ABC007CE945 /* Build configuration list for PBXNativeTarget "ChallengeDay_4" */ = {
			isa = XCConfigurationList;
			buildConfigurations = (
				4D1F87222A027ABC007CE945 /* Debug */,
				4D1F87232A027ABC007CE945 /* Release */,
			);
			defaultConfigurationIsVisible = 0;
			defaultConfigurationName = Release;
		};
/* End XCConfigurationList section */
	};
	rootObject = 4D1F870B2A027AB9007CE945 /* Project object */;
}
